// !$*UTF8*$!
{
	archiveVersion = 1;
	classes = {
	};
	objectVersion = 55;
	objects = {

/* Begin PBXBuildFile section */
		657EB20C27B2E1BC008C0E23 /* AppDelegate.swift in Sources */ = {isa = PBXBuildFile; fileRef = 657EB20B27B2E1BC008C0E23 /* AppDelegate.swift */; };
		657EB20E27B2E1BC008C0E23 /* SceneDelegate.swift in Sources */ = {isa = PBXBuildFile; fileRef = 657EB20D27B2E1BC008C0E23 /* SceneDelegate.swift */; };
		657EB21027B2E1BC008C0E23 /* ViewController.swift in Sources */ = {isa = PBXBuildFile; fileRef = 657EB20F27B2E1BC008C0E23 /* ViewController.swift */; };
		657EB21327B2E1BC008C0E23 /* Main.storyboard in Resources */ = {isa = PBXBuildFile; fileRef = 657EB21127B2E1BC008C0E23 /* Main.storyboard */; };
		657EB21527B2E1BE008C0E23 /* Assets.xcassets in Resources */ = {isa = PBXBuildFile; fileRef = 657EB21427B2E1BE008C0E23 /* Assets.xcassets */; };
		657EB21827B2E1BE008C0E23 /* LaunchScreen.storyboard in Resources */ = {isa = PBXBuildFile; fileRef = 657EB21627B2E1BE008C0E23 /* LaunchScreen.storyboard */; };
		657EB22327B2E1BE008C0E23 /* EvenOrOddTests.swift in Sources */ = {isa = PBXBuildFile; fileRef = 657EB22227B2E1BE008C0E23 /* EvenOrOddTests.swift */; };
		657EB22D27B2E1BF008C0E23 /* EvenOrOddUITests.swift in Sources */ = {isa = PBXBuildFile; fileRef = 657EB22C27B2E1BF008C0E23 /* EvenOrOddUITests.swift */; };
		657EB22F27B2E1BF008C0E23 /* EvenOrOddUITestsLaunchTests.swift in Sources */ = {isa = PBXBuildFile; fileRef = 657EB22E27B2E1BF008C0E23 /* EvenOrOddUITestsLaunchTests.swift */; };
/* End PBXBuildFile section */

/* Begin PBXContainerItemProxy section */
		657EB21F27B2E1BE008C0E23 /* PBXContainerItemProxy */ = {
			isa = PBXContainerItemProxy;
			containerPortal = 657EB20027B2E1BC008C0E23 /* Project object */;
			proxyType = 1;
			remoteGlobalIDString = 657EB20727B2E1BC008C0E23;
			remoteInfo = EvenOrOdd;
		};
		657EB22927B2E1BF008C0E23 /* PBXContainerItemProxy */ = {
			isa = PBXContainerItemProxy;
			containerPortal = 657EB20027B2E1BC008C0E23 /* Project object */;
			proxyType = 1;
			remoteGlobalIDString = 657EB20727B2E1BC008C0E23;
			remoteInfo = EvenOrOdd;
		};
/* End PBXContainerItemProxy section */

/* Begin PBXFileReference section */
		657EB20827B2E1BC008C0E23 /* EvenOrOdd.app */ = {isa = PBXFileReference; explicitFileType = wrapper.application; includeInIndex = 0; path = EvenOrOdd.app; sourceTree = BUILT_PRODUCTS_DIR; };
		657EB20B27B2E1BC008C0E23 /* AppDelegate.swift */ = {isa = PBXFileReference; lastKnownFileType = sourcecode.swift; path = AppDelegate.swift; sourceTree = "<group>"; };
		657EB20D27B2E1BC008C0E23 /* SceneDelegate.swift */ = {isa = PBXFileReference; lastKnownFileType = sourcecode.swift; path = SceneDelegate.swift; sourceTree = "<group>"; };
		657EB20F27B2E1BC008C0E23 /* ViewController.swift */ = {isa = PBXFileReference; lastKnownFileType = sourcecode.swift; path = ViewController.swift; sourceTree = "<group>"; };
		657EB21227B2E1BC008C0E23 /* Base */ = {isa = PBXFileReference; lastKnownFileType = file.storyboard; name = Base; path = Base.lproj/Main.storyboard; sourceTree = "<group>"; };
		657EB21427B2E1BE008C0E23 /* Assets.xcassets */ = {isa = PBXFileReference; lastKnownFileType = folder.assetcatalog; path = Assets.xcassets; sourceTree = "<group>"; };
		657EB21727B2E1BE008C0E23 /* Base */ = {isa = PBXFileReference; lastKnownFileType = file.storyboard; name = Base; path = Base.lproj/LaunchScreen.storyboard; sourceTree = "<group>"; };
		657EB21927B2E1BE008C0E23 /* Info.plist */ = {isa = PBXFileReference; lastKnownFileType = text.plist.xml; path = Info.plist; sourceTree = "<group>"; };
		657EB21E27B2E1BE008C0E23 /* EvenOrOddTests.xctest */ = {isa = PBXFileReference; explicitFileType = wrapper.cfbundle; includeInIndex = 0; path = EvenOrOddTests.xctest; sourceTree = BUILT_PRODUCTS_DIR; };
		657EB22227B2E1BE008C0E23 /* EvenOrOddTests.swift */ = {isa = PBXFileReference; lastKnownFileType = sourcecode.swift; path = EvenOrOddTests.swift; sourceTree = "<group>"; };
		657EB22827B2E1BF008C0E23 /* EvenOrOddUITests.xctest */ = {isa = PBXFileReference; explicitFileType = wrapper.cfbundle; includeInIndex = 0; path = EvenOrOddUITests.xctest; sourceTree = BUILT_PRODUCTS_DIR; };
		657EB22C27B2E1BF008C0E23 /* EvenOrOddUITests.swift */ = {isa = PBXFileReference; lastKnownFileType = sourcecode.swift; path = EvenOrOddUITests.swift; sourceTree = "<group>"; };
		657EB22E27B2E1BF008C0E23 /* EvenOrOddUITestsLaunchTests.swift */ = {isa = PBXFileReference; lastKnownFileType = sourcecode.swift; path = EvenOrOddUITestsLaunchTests.swift; sourceTree = "<group>"; };
/* End PBXFileReference section */

/* Begin PBXFrameworksBuildPhase section */
		657EB20527B2E1BC008C0E23 /* Frameworks */ = {
			isa = PBXFrameworksBuildPhase;
			buildActionMask = 2147483647;
			files = (
			);
			runOnlyForDeploymentPostprocessing = 0;
		};
		657EB21B27B2E1BE008C0E23 /* Frameworks */ = {
			isa = PBXFrameworksBuildPhase;
			buildActionMask = 2147483647;
			files = (
			);
			runOnlyForDeploymentPostprocessing = 0;
		};
		657EB22527B2E1BF008C0E23 /* Frameworks */ = {
			isa = PBXFrameworksBuildPhase;
			buildActionMask = 2147483647;
			files = (
			);
			runOnlyForDeploymentPostprocessing = 0;
		};
/* End PBXFrameworksBuildPhase section */

/* Begin PBXGroup section */
		657EB1FF27B2E1BC008C0E23 = {
			isa = PBXGroup;
			children = (
				657EB20A27B2E1BC008C0E23 /* EvenOrOdd */,
				657EB22127B2E1BE008C0E23 /* EvenOrOddTests */,
				657EB22B27B2E1BF008C0E23 /* EvenOrOddUITests */,
				657EB20927B2E1BC008C0E23 /* Products */,
			);
			sourceTree = "<group>";
		};
		657EB20927B2E1BC008C0E23 /* Products */ = {
			isa = PBXGroup;
			children = (
				657EB20827B2E1BC008C0E23 /* EvenOrOdd.app */,
				657EB21E27B2E1BE008C0E23 /* EvenOrOddTests.xctest */,
				657EB22827B2E1BF008C0E23 /* EvenOrOddUITests.xctest */,
			);
			name = Products;
			sourceTree = "<group>";
		};
		657EB20A27B2E1BC008C0E23 /* EvenOrOdd */ = {
			isa = PBXGroup;
			children = (
				657EB20B27B2E1BC008C0E23 /* AppDelegate.swift */,
				657EB20D27B2E1BC008C0E23 /* SceneDelegate.swift */,
				657EB20F27B2E1BC008C0E23 /* ViewController.swift */,
				657EB21127B2E1BC008C0E23 /* Main.storyboard */,
				657EB21427B2E1BE008C0E23 /* Assets.xcassets */,
				657EB21627B2E1BE008C0E23 /* LaunchScreen.storyboard */,
				657EB21927B2E1BE008C0E23 /* Info.plist */,
			);
			path = EvenOrOdd;
			sourceTree = "<group>";
		};
		657EB22127B2E1BE008C0E23 /* EvenOrOddTests */ = {
			isa = PBXGroup;
			children = (
				657EB22227B2E1BE008C0E23 /* EvenOrOddTests.swift */,
			);
			path = EvenOrOddTests;
			sourceTree = "<group>";
		};
		657EB22B27B2E1BF008C0E23 /* EvenOrOddUITests */ = {
			isa = PBXGroup;
			children = (
				657EB22C27B2E1BF008C0E23 /* EvenOrOddUITests.swift */,
				657EB22E27B2E1BF008C0E23 /* EvenOrOddUITestsLaunchTests.swift */,
			);
			path = EvenOrOddUITests;
			sourceTree = "<group>";
		};
/* End PBXGroup section */

/* Begin PBXNativeTarget section */
		657EB20727B2E1BC008C0E23 /* EvenOrOdd */ = {
			isa = PBXNativeTarget;
			buildConfigurationList = 657EB23227B2E1BF008C0E23 /* Build configuration list for PBXNativeTarget "EvenOrOdd" */;
			buildPhases = (
				657EB20427B2E1BC008C0E23 /* Sources */,
				657EB20527B2E1BC008C0E23 /* Frameworks */,
				657EB20627B2E1BC008C0E23 /* Resources */,
			);
			buildRules = (
			);
			dependencies = (
			);
			name = EvenOrOdd;
			productName = EvenOrOdd;
			productReference = 657EB20827B2E1BC008C0E23 /* EvenOrOdd.app */;
			productType = "com.apple.product-type.application";
		};
		657EB21D27B2E1BE008C0E23 /* EvenOrOddTests */ = {
			isa = PBXNativeTarget;
			buildConfigurationList = 657EB23527B2E1BF008C0E23 /* Build configuration list for PBXNativeTarget "EvenOrOddTests" */;
			buildPhases = (
				657EB21A27B2E1BE008C0E23 /* Sources */,
				657EB21B27B2E1BE008C0E23 /* Frameworks */,
				657EB21C27B2E1BE008C0E23 /* Resources */,
			);
			buildRules = (
			);
			dependencies = (
				657EB22027B2E1BE008C0E23 /* PBXTargetDependency */,
			);
			name = EvenOrOddTests;
			productName = EvenOrOddTests;
			productReference = 657EB21E27B2E1BE008C0E23 /* EvenOrOddTests.xctest */;
			productType = "com.apple.product-type.bundle.unit-test";
		};
		657EB22727B2E1BF008C0E23 /* EvenOrOddUITests */ = {
			isa = PBXNativeTarget;
			buildConfigurationList = 657EB23827B2E1BF008C0E23 /* Build configuration list for PBXNativeTarget "EvenOrOddUITests" */;
			buildPhases = (
				657EB22427B2E1BF008C0E23 /* Sources */,
				657EB22527B2E1BF008C0E23 /* Frameworks */,
				657EB22627B2E1BF008C0E23 /* Resources */,
			);
			buildRules = (
			);
			dependencies = (
				657EB22A27B2E1BF008C0E23 /* PBXTargetDependency */,
			);
			name = EvenOrOddUITests;
			productName = EvenOrOddUITests;
			productReference = 657EB22827B2E1BF008C0E23 /* EvenOrOddUITests.xctest */;
			productType = "com.apple.product-type.bundle.ui-testing";
		};
/* End PBXNativeTarget section */

/* Begin PBXProject section */
		657EB20027B2E1BC008C0E23 /* Project object */ = {
			isa = PBXProject;
			attributes = {
				BuildIndependentTargetsInParallel = 1;
				LastSwiftUpdateCheck = 1320;
				LastUpgradeCheck = 1320;
				TargetAttributes = {
					657EB20727B2E1BC008C0E23 = {
						CreatedOnToolsVersion = 13.2.1;
					};
					657EB21D27B2E1BE008C0E23 = {
						CreatedOnToolsVersion = 13.2.1;
						TestTargetID = 657EB20727B2E1BC008C0E23;
					};
					657EB22727B2E1BF008C0E23 = {
						CreatedOnToolsVersion = 13.2.1;
						TestTargetID = 657EB20727B2E1BC008C0E23;
					};
				};
			};
			buildConfigurationList = 657EB20327B2E1BC008C0E23 /* Build configuration list for PBXProject "EvenOrOdd" */;
			compatibilityVersion = "Xcode 13.0";
			developmentRegion = en;
			hasScannedForEncodings = 0;
			knownRegions = (
				en,
				Base,
			);
			mainGroup = 657EB1FF27B2E1BC008C0E23;
			productRefGroup = 657EB20927B2E1BC008C0E23 /* Products */;
			projectDirPath = "";
			projectRoot = "";
			targets = (
				657EB20727B2E1BC008C0E23 /* EvenOrOdd */,
				657EB21D27B2E1BE008C0E23 /* EvenOrOddTests */,
				657EB22727B2E1BF008C0E23 /* EvenOrOddUITests */,
			);
		};
/* End PBXProject section */

/* Begin PBXResourcesBuildPhase section */
		657EB20627B2E1BC008C0E23 /* Resources */ = {
			isa = PBXResourcesBuildPhase;
			buildActionMask = 2147483647;
			files = (
				657EB21827B2E1BE008C0E23 /* LaunchScreen.storyboard in Resources */,
				657EB21527B2E1BE008C0E23 /* Assets.xcassets in Resources */,
				657EB21327B2E1BC008C0E23 /* Main.storyboard in Resources */,
			);
			runOnlyForDeploymentPostprocessing = 0;
		};
		657EB21C27B2E1BE008C0E23 /* Resources */ = {
			isa = PBXResourcesBuildPhase;
			buildActionMask = 2147483647;
			files = (
			);
			runOnlyForDeploymentPostprocessing = 0;
		};
		657EB22627B2E1BF008C0E23 /* Resources */ = {
			isa = PBXResourcesBuildPhase;
			buildActionMask = 2147483647;
			files = (
			);
			runOnlyForDeploymentPostprocessing = 0;
		};
/* End PBXResourcesBuildPhase section */

/* Begin PBXSourcesBuildPhase section */
		657EB20427B2E1BC008C0E23 /* Sources */ = {
			isa = PBXSourcesBuildPhase;
			buildActionMask = 2147483647;
			files = (
				657EB21027B2E1BC008C0E23 /* ViewController.swift in Sources */,
				657EB20C27B2E1BC008C0E23 /* AppDelegate.swift in Sources */,
				657EB20E27B2E1BC008C0E23 /* SceneDelegate.swift in Sources */,
			);
			runOnlyForDeploymentPostprocessing = 0;
		};
		657EB21A27B2E1BE008C0E23 /* Sources */ = {
			isa = PBXSourcesBuildPhase;
			buildActionMask = 2147483647;
			files = (
				657EB22327B2E1BE008C0E23 /* EvenOrOddTests.swift in Sources */,
			);
			runOnlyForDeploymentPostprocessing = 0;
		};
		657EB22427B2E1BF008C0E23 /* Sources */ = {
			isa = PBXSourcesBuildPhase;
			buildActionMask = 2147483647;
			files = (
				657EB22D27B2E1BF008C0E23 /* EvenOrOddUITests.swift in Sources */,
				657EB22F27B2E1BF008C0E23 /* EvenOrOddUITestsLaunchTests.swift in Sources */,
			);
			runOnlyForDeploymentPostprocessing = 0;
		};
/* End PBXSourcesBuildPhase section */

/* Begin PBXTargetDependency section */
		657EB22027B2E1BE008C0E23 /* PBXTargetDependency */ = {
			isa = PBXTargetDependency;
			target = 657EB20727B2E1BC008C0E23 /* EvenOrOdd */;
			targetProxy = 657EB21F27B2E1BE008C0E23 /* PBXContainerItemProxy */;
		};
		657EB22A27B2E1BF008C0E23 /* PBXTargetDependency */ = {
			isa = PBXTargetDependency;
			target = 657EB20727B2E1BC008C0E23 /* EvenOrOdd */;
			targetProxy = 657EB22927B2E1BF008C0E23 /* PBXContainerItemProxy */;
		};
/* End PBXTargetDependency section */

/* Begin PBXVariantGroup section */
		657EB21127B2E1BC008C0E23 /* Main.storyboard */ = {
			isa = PBXVariantGroup;
			children = (
				657EB21227B2E1BC008C0E23 /* Base */,
			);
			name = Main.storyboard;
			sourceTree = "<group>";
		};
		657EB21627B2E1BE008C0E23 /* LaunchScreen.storyboard */ = {
			isa = PBXVariantGroup;
			children = (
				657EB21727B2E1BE008C0E23 /* Base */,
			);
			name = LaunchScreen.storyboard;
			sourceTree = "<group>";
		};
/* End PBXVariantGroup section */

/* Begin XCBuildConfiguration section */
		657EB23027B2E1BF008C0E23 /* Debug */ = {
			isa = XCBuildConfiguration;
			buildSettings = {
				ALWAYS_SEARCH_USER_PATHS = NO;
				CLANG_ANALYZER_NONNULL = YES;
				CLANG_ANALYZER_NUMBER_OBJECT_CONVERSION = YES_AGGRESSIVE;
				CLANG_CXX_LANGUAGE_STANDARD = "gnu++17";
				CLANG_CXX_LIBRARY = "libc++";
				CLANG_ENABLE_MODULES = YES;
				CLANG_ENABLE_OBJC_ARC = YES;
				CLANG_ENABLE_OBJC_WEAK = YES;
				CLANG_WARN_BLOCK_CAPTURE_AUTORELEASING = YES;
				CLANG_WARN_BOOL_CONVERSION = YES;
				CLANG_WARN_COMMA = YES;
				CLANG_WARN_CONSTANT_CONVERSION = YES;
				CLANG_WARN_DEPRECATED_OBJC_IMPLEMENTATIONS = YES;
				CLANG_WARN_DIRECT_OBJC_ISA_USAGE = YES_ERROR;
				CLANG_WARN_DOCUMENTATION_COMMENTS = YES;
				CLANG_WARN_EMPTY_BODY = YES;
				CLANG_WARN_ENUM_CONVERSION = YES;
				CLANG_WARN_INFINITE_RECURSION = YES;
				CLANG_WARN_INT_CONVERSION = YES;
				CLANG_WARN_NON_LITERAL_NULL_CONVERSION = YES;
				CLANG_WARN_OBJC_IMPLICIT_RETAIN_SELF = YES;
				CLANG_WARN_OBJC_LITERAL_CONVERSION = YES;
				CLANG_WARN_OBJC_ROOT_CLASS = YES_ERROR;
				CLANG_WARN_QUOTED_INCLUDE_IN_FRAMEWORK_HEADER = YES;
				CLANG_WARN_RANGE_LOOP_ANALYSIS = YES;
				CLANG_WARN_STRICT_PROTOTYPES = YES;
				CLANG_WARN_SUSPICIOUS_MOVE = YES;
				CLANG_WARN_UNGUARDED_AVAILABILITY = YES_AGGRESSIVE;
				CLANG_WARN_UNREACHABLE_CODE = YES;
				CLANG_WARN__DUPLICATE_METHOD_MATCH = YES;
				COPY_PHASE_STRIP = NO;
				DEBUG_INFORMATION_FORMAT = dwarf;
				ENABLE_STRICT_OBJC_MSGSEND = YES;
				ENABLE_TESTABILITY = YES;
				GCC_C_LANGUAGE_STANDARD = gnu11;
				GCC_DYNAMIC_NO_PIC = NO;
				GCC_NO_COMMON_BLOCKS = YES;
				GCC_OPTIMIZATION_LEVEL = 0;
				GCC_PREPROCESSOR_DEFINITIONS = (
					"DEBUG=1",
					"$(inherited)",
				);
				GCC_WARN_64_TO_32_BIT_CONVERSION = YES;
				GCC_WARN_ABOUT_RETURN_TYPE = YES_ERROR;
				GCC_WARN_UNDECLARED_SELECTOR = YES;
				GCC_WARN_UNINITIALIZED_AUTOS = YES_AGGRESSIVE;
				GCC_WARN_UNUSED_FUNCTION = YES;
				GCC_WARN_UNUSED_VARIABLE = YES;
				IPHONEOS_DEPLOYMENT_TARGET = 15.2;
				MTL_ENABLE_DEBUG_INFO = INCLUDE_SOURCE;
				MTL_FAST_MATH = YES;
				ONLY_ACTIVE_ARCH = YES;
				SDKROOT = iphoneos;
				SWIFT_ACTIVE_COMPILATION_CONDITIONS = DEBUG;
				SWIFT_OPTIMIZATION_LEVEL = "-Onone";
			};
			name = Debug;
		};
		657EB23127B2E1BF008C0E23 /* Release */ = {
			isa = XCBuildConfiguration;
			buildSettings = {
				ALWAYS_SEARCH_USER_PATHS = NO;
				CLANG_ANALYZER_NONNULL = YES;
				CLANG_ANALYZER_NUMBER_OBJECT_CONVERSION = YES_AGGRESSIVE;
				CLANG_CXX_LANGUAGE_STANDARD = "gnu++17";
				CLANG_CXX_LIBRARY = "libc++";
				CLANG_ENABLE_MODULES = YES;
				CLANG_ENABLE_OBJC_ARC = YES;
				CLANG_ENABLE_OBJC_WEAK = YES;
				CLANG_WARN_BLOCK_CAPTURE_AUTORELEASING = YES;
				CLANG_WARN_BOOL_CONVERSION = YES;
				CLANG_WARN_COMMA = YES;
				CLANG_WARN_CONSTANT_CONVERSION = YES;
				CLANG_WARN_DEPRECATED_OBJC_IMPLEMENTATIONS = YES;
				CLANG_WARN_DIRECT_OBJC_ISA_USAGE = YES_ERROR;
				CLANG_WARN_DOCUMENTATION_COMMENTS = YES;
				CLANG_WARN_EMPTY_BODY = YES;
				CLANG_WARN_ENUM_CONVERSION = YES;
				CLANG_WARN_INFINITE_RECURSION = YES;
				CLANG_WARN_INT_CONVERSION = YES;
				CLANG_WARN_NON_LITERAL_NULL_CONVERSION = YES;
				CLANG_WARN_OBJC_IMPLICIT_RETAIN_SELF = YES;
				CLANG_WARN_OBJC_LITERAL_CONVERSION = YES;
				CLANG_WARN_OBJC_ROOT_CLASS = YES_ERROR;
				CLANG_WARN_QUOTED_INCLUDE_IN_FRAMEWORK_HEADER = YES;
				CLANG_WARN_RANGE_LOOP_ANALYSIS = YES;
				CLANG_WARN_STRICT_PROTOTYPES = YES;
				CLANG_WARN_SUSPICIOUS_MOVE = YES;
				CLANG_WARN_UNGUARDED_AVAILABILITY = YES_AGGRESSIVE;
				CLANG_WARN_UNREACHABLE_CODE = YES;
				CLANG_WARN__DUPLICATE_METHOD_MATCH = YES;
				COPY_PHASE_STRIP = NO;
				DEBUG_INFORMATION_FORMAT = "dwarf-with-dsym";
				ENABLE_NS_ASSERTIONS = NO;
				ENABLE_STRICT_OBJC_MSGSEND = YES;
				GCC_C_LANGUAGE_STANDARD = gnu11;
				GCC_NO_COMMON_BLOCKS = YES;
				GCC_WARN_64_TO_32_BIT_CONVERSION = YES;
				GCC_WARN_ABOUT_RETURN_TYPE = YES_ERROR;
				GCC_WARN_UNDECLARED_SELECTOR = YES;
				GCC_WARN_UNINITIALIZED_AUTOS = YES_AGGRESSIVE;
				GCC_WARN_UNUSED_FUNCTION = YES;
				GCC_WARN_UNUSED_VARIABLE = YES;
				IPHONEOS_DEPLOYMENT_TARGET = 15.2;
				MTL_ENABLE_DEBUG_INFO = NO;
				MTL_FAST_MATH = YES;
				SDKROOT = iphoneos;
				SWIFT_COMPILATION_MODE = wholemodule;
				SWIFT_OPTIMIZATION_LEVEL = "-O";
				VALIDATE_PRODUCT = YES;
			};
			name = Release;
		};
		657EB23327B2E1BF008C0E23 /* Debug */ = {
			isa = XCBuildConfiguration;
			buildSettings = {
				ASSETCATALOG_COMPILER_APPICON_NAME = AppIcon;
				ASSETCATALOG_COMPILER_GLOBAL_ACCENT_COLOR_NAME = AccentColor;
				CODE_SIGN_STYLE = Automatic;
				CURRENT_PROJECT_VERSION = 1;
				GENERATE_INFOPLIST_FILE = YES;
				INFOPLIST_FILE = EvenOrOdd/Info.plist;
				INFOPLIST_KEY_CFBundleDisplayName = EvenOrOdd;
				INFOPLIST_KEY_UIApplicationSupportsIndirectInputEvents = YES;
				INFOPLIST_KEY_UILaunchStoryboardName = LaunchScreen;
				INFOPLIST_KEY_UIMainStoryboardFile = Main;
				INFOPLIST_KEY_UISupportedInterfaceOrientations_iPad = "UIInterfaceOrientationPortrait UIInterfaceOrientationPortraitUpsideDown UIInterfaceOrientationLandscapeLeft UIInterfaceOrientationLandscapeRight";
				INFOPLIST_KEY_UISupportedInterfaceOrientations_iPhone = "UIInterfaceOrientationPortrait UIInterfaceOrientationLandscapeLeft UIInterfaceOrientationLandscapeRight";
				LD_RUNPATH_SEARCH_PATHS = (
					"$(inherited)",
					"@executable_path/Frameworks",
				);
				MARKETING_VERSION = 1.0;
				PRODUCT_BUNDLE_IDENTIFIER = nwmsu.EvenOrOdd;
				PRODUCT_NAME = "$(TARGET_NAME)";
				SWIFT_EMIT_LOC_STRINGS = YES;
				SWIFT_VERSION = 5.0;
				TARGETED_DEVICE_FAMILY = "1,2";
			};
			name = Debug;
		};
		657EB23427B2E1BF008C0E23 /* Release */ = {
			isa = XCBuildConfiguration;
			buildSettings = {
				ASSETCATALOG_COMPILER_APPICON_NAME = AppIcon;
				ASSETCATALOG_COMPILER_GLOBAL_ACCENT_COLOR_NAME = AccentColor;
				CODE_SIGN_STYLE = Automatic;
				CURRENT_PROJECT_VERSION = 1;
				GENERATE_INFOPLIST_FILE = YES;
				INFOPLIST_FILE = EvenOrOdd/Info.plist;
				INFOPLIST_KEY_CFBundleDisplayName = EvenOrOdd;
				INFOPLIST_KEY_UIApplicationSupportsIndirectInputEvents = YES;
				INFOPLIST_KEY_UILaunchStoryboardName = LaunchScreen;
				INFOPLIST_KEY_UIMainStoryboardFile = Main;
				INFOPLIST_KEY_UISupportedInterfaceOrientations_iPad = "UIInterfaceOrientationPortrait UIInterfaceOrientationPortraitUpsideDown UIInterfaceOrientationLandscapeLeft UIInterfaceOrientationLandscapeRight";
				INFOPLIST_KEY_UISupportedInterfaceOrientations_iPhone = "UIInterfaceOrientationPortrait UIInterfaceOrientationLandscapeLeft UIInterfaceOrientationLandscapeRight";
				LD_RUNPATH_SEARCH_PATHS = (
					"$(inherited)",
					"@executable_path/Frameworks",
				);
				MARKETING_VERSION = 1.0;
				PRODUCT_BUNDLE_IDENTIFIER = nwmsu.EvenOrOdd;
				PRODUCT_NAME = "$(TARGET_NAME)";
				SWIFT_EMIT_LOC_STRINGS = YES;
				SWIFT_VERSION = 5.0;
				TARGETED_DEVICE_FAMILY = "1,2";
			};
			name = Release;
		};
		657EB23627B2E1BF008C0E23 /* Debug */ = {
			isa = XCBuildConfiguration;
			buildSettings = {
				ALWAYS_EMBED_SWIFT_STANDARD_LIBRARIES = YES;
				BUNDLE_LOADER = "$(TEST_HOST)";
				CODE_SIGN_STYLE = Automatic;
				CURRENT_PROJECT_VERSION = 1;
				GENERATE_INFOPLIST_FILE = YES;
				IPHONEOS_DEPLOYMENT_TARGET = 15.2;
				MARKETING_VERSION = 1.0;
				PRODUCT_BUNDLE_IDENTIFIER = nwmsu.EvenOrOddTests;
				PRODUCT_NAME = "$(TARGET_NAME)";
				SWIFT_EMIT_LOC_STRINGS = NO;
				SWIFT_VERSION = 5.0;
				TARGETED_DEVICE_FAMILY = "1,2";
				TEST_HOST = "$(BUILT_PRODUCTS_DIR)/EvenOrOdd.app/EvenOrOdd";
			};
			name = Debug;
		};
		657EB23727B2E1BF008C0E23 /* Release */ = {
			isa = XCBuildConfiguration;
			buildSettings = {
				ALWAYS_EMBED_SWIFT_STANDARD_LIBRARIES = YES;
				BUNDLE_LOADER = "$(TEST_HOST)";
				CODE_SIGN_STYLE = Automatic;
				CURRENT_PROJECT_VERSION = 1;
				GENERATE_INFOPLIST_FILE = YES;
				IPHONEOS_DEPLOYMENT_TARGET = 15.2;
				MARKETING_VERSION = 1.0;
				PRODUCT_BUNDLE_IDENTIFIER = nwmsu.EvenOrOddTests;
				PRODUCT_NAME = "$(TARGET_NAME)";
				SWIFT_EMIT_LOC_STRINGS = NO;
				SWIFT_VERSION = 5.0;
				TARGETED_DEVICE_FAMILY = "1,2";
				TEST_HOST = "$(BUILT_PRODUCTS_DIR)/EvenOrOdd.app/EvenOrOdd";
			};
			name = Release;
		};
		657EB23927B2E1BF008C0E23 /* Debug */ = {
			isa = XCBuildConfiguration;
			buildSettings = {
				ALWAYS_EMBED_SWIFT_STANDARD_LIBRARIES = YES;
				CODE_SIGN_STYLE = Automatic;
				CURRENT_PROJECT_VERSION = 1;
				GENERATE_INFOPLIST_FILE = YES;
				MARKETING_VERSION = 1.0;
				PRODUCT_BUNDLE_IDENTIFIER = nwmsu.EvenOrOddUITests;
				PRODUCT_NAME = "$(TARGET_NAME)";
				SWIFT_EMIT_LOC_STRINGS = NO;
				SWIFT_VERSION = 5.0;
				TARGETED_DEVICE_FAMILY = "1,2";
				TEST_TARGET_NAME = EvenOrOdd;
			};
			name = Debug;
		};
		657EB23A27B2E1BF008C0E23 /* Release */ = {
			isa = XCBuildConfiguration;
			buildSettings = {
				ALWAYS_EMBED_SWIFT_STANDARD_LIBRARIES = YES;
				CODE_SIGN_STYLE = Automatic;
				CURRENT_PROJECT_VERSION = 1;
				GENERATE_INFOPLIST_FILE = YES;
				MARKETING_VERSION = 1.0;
				PRODUCT_BUNDLE_IDENTIFIER = nwmsu.EvenOrOddUITests;
				PRODUCT_NAME = "$(TARGET_NAME)";
				SWIFT_EMIT_LOC_STRINGS = NO;
				SWIFT_VERSION = 5.0;
				TARGETED_DEVICE_FAMILY = "1,2";
				TEST_TARGET_NAME = EvenOrOdd;
			};
			name = Release;
		};
/* End XCBuildConfiguration section */

/* Begin XCConfigurationList section */
		657EB20327B2E1BC008C0E23 /* Build configuration list for PBXProject "EvenOrOdd" */ = {
			isa = XCConfigurationList;
			buildConfigurations = (
				657EB23027B2E1BF008C0E23 /* Debug */,
				657EB23127B2E1BF008C0E23 /* Release */,
			);
			defaultConfigurationIsVisible = 0;
			defaultConfigurationName = Release;
		};
		657EB23227B2E1BF008C0E23 /* Build configuration list for PBXNativeTarget "EvenOrOdd" */ = {
			isa = XCConfigurationList;
			buildConfigurations = (
				657EB23327B2E1BF008C0E23 /* Debug */,
				657EB23427B2E1BF008C0E23 /* Release */,
			);
			defaultConfigurationIsVisible = 0;
			defaultConfigurationName = Release;
		};
		657EB23527B2E1BF008C0E23 /* Build configuration list for PBXNativeTarget "EvenOrOddTests" */ = {
			isa = XCConfigurationList;
			buildConfigurations = (
				657EB23627B2E1BF008C0E23 /* Debug */,
				657EB23727B2E1BF008C0E23 /* Release */,
			);
			defaultConfigurationIsVisible = 0;
			defaultConfigurationName = Release;
		};
		657EB23827B2E1BF008C0E23 /* Build configuration list for PBXNativeTarget "EvenOrOddUITests" */ = {
			isa = XCConfigurationList;
			buildConfigurations = (
				657EB23927B2E1BF008C0E23 /* Debug */,
				657EB23A27B2E1BF008C0E23 /* Release */,
			);
			defaultConfigurationIsVisible = 0;
			defaultConfigurationName = Release;
		};
/* End XCConfigurationList section */
	};
	rootObject = 657EB20027B2E1BC008C0E23 /* Project object */;
}
